// !$*UTF8*$!
{
	archiveVersion = 1;
	classes = {
	};
	objectVersion = 46;
	objects = {

/* Begin PBXBuildFile section */
		200931131E5245D500473566 /* ScanAcceptedBorder.swift in Sources */ = {isa = PBXBuildFile; fileRef = 200931121E5245D500473566 /* ScanAcceptedBorder.swift */; };
		203C648B1E521D020008DB2E /* ScanOverlay.swift in Sources */ = {isa = PBXBuildFile; fileRef = 203C648A1E521D020008DB2E /* ScanOverlay.swift */; };
		203C648D1E521D0E0008DB2E /* ScanBorder.swift in Sources */ = {isa = PBXBuildFile; fileRef = 203C648C1E521D0E0008DB2E /* ScanBorder.swift */; };
		204DD0961E50055900482473 /* AppDelegate.swift in Sources */ = {isa = PBXBuildFile; fileRef = 204DD0951E50055900482473 /* AppDelegate.swift */; };
		204DD0981E50055900482473 /* ViewController.swift in Sources */ = {isa = PBXBuildFile; fileRef = 204DD0971E50055900482473 /* ViewController.swift */; };
		204DD09B1E50055900482473 /* Main.storyboard in Resources */ = {isa = PBXBuildFile; fileRef = 204DD0991E50055900482473 /* Main.storyboard */; };
		204DD09D1E50055900482473 /* Assets.xcassets in Resources */ = {isa = PBXBuildFile; fileRef = 204DD09C1E50055900482473 /* Assets.xcassets */; };
		204DD0A01E50055900482473 /* LaunchScreen.storyboard in Resources */ = {isa = PBXBuildFile; fileRef = 204DD09E1E50055900482473 /* LaunchScreen.storyboard */; };
/* End PBXBuildFile section */

/* Begin PBXFileReference section */
		200931121E5245D500473566 /* ScanAcceptedBorder.swift */ = {isa = PBXFileReference; fileEncoding = 4; lastKnownFileType = sourcecode.swift; path = ScanAcceptedBorder.swift; sourceTree = "<group>"; };
		203C648A1E521D020008DB2E /* ScanOverlay.swift */ = {isa = PBXFileReference; fileEncoding = 4; lastKnownFileType = sourcecode.swift; path = ScanOverlay.swift; sourceTree = "<group>"; };
		203C648C1E521D0E0008DB2E /* ScanBorder.swift */ = {isa = PBXFileReference; fileEncoding = 4; lastKnownFileType = sourcecode.swift; path = ScanBorder.swift; sourceTree = "<group>"; };
		204DD0921E50055900482473 /* QR Scanner.app */ = {isa = PBXFileReference; explicitFileType = wrapper.application; includeInIndex = 0; path = "QR Scanner.app"; sourceTree = BUILT_PRODUCTS_DIR; };
		204DD0951E50055900482473 /* AppDelegate.swift */ = {isa = PBXFileReference; lastKnownFileType = sourcecode.swift; path = AppDelegate.swift; sourceTree = "<group>"; };
		204DD0971E50055900482473 /* ViewController.swift */ = {isa = PBXFileReference; lastKnownFileType = sourcecode.swift; path = ViewController.swift; sourceTree = "<group>"; };
		204DD09A1E50055900482473 /* Base */ = {isa = PBXFileReference; lastKnownFileType = file.storyboard; name = Base; path = Base.lproj/Main.storyboard; sourceTree = "<group>"; };
		204DD09C1E50055900482473 /* Assets.xcassets */ = {isa = PBXFileReference; lastKnownFileType = folder.assetcatalog; path = Assets.xcassets; sourceTree = "<group>"; };
		204DD09F1E50055900482473 /* Base */ = {isa = PBXFileReference; lastKnownFileType = file.storyboard; name = Base; path = Base.lproj/LaunchScreen.storyboard; sourceTree = "<group>"; };
		204DD0A11E50055900482473 /* Info.plist */ = {isa = PBXFileReference; lastKnownFileType = text.plist.xml; path = Info.plist; sourceTree = "<group>"; };
/* End PBXFileReference section */

/* Begin PBXFrameworksBuildPhase section */
		204DD08F1E50055900482473 /* Frameworks */ = {
			isa = PBXFrameworksBuildPhase;
			buildActionMask = 2147483647;
			files = (
			);
			runOnlyForDeploymentPostprocessing = 0;
		};
/* End PBXFrameworksBuildPhase section */

/* Begin PBXGroup section */
		204DD0891E50055900482473 = {
			isa = PBXGroup;
			children = (
				204DD0941E50055900482473 /* QR Scanner */,
				204DD0931E50055900482473 /* Products */,
			);
			sourceTree = "<group>";
		};
		204DD0931E50055900482473 /* Products */ = {
			isa = PBXGroup;
			children = (
				204DD0921E50055900482473 /* QR Scanner.app */,
			);
			name = Products;
			sourceTree = "<group>";
		};
		204DD0941E50055900482473 /* QR Scanner */ = {
			isa = PBXGroup;
			children = (
				204DD0951E50055900482473 /* AppDelegate.swift */,
				204DD0971E50055900482473 /* ViewController.swift */,
				203C648A1E521D020008DB2E /* ScanOverlay.swift */,
				203C648C1E521D0E0008DB2E /* ScanBorder.swift */,
				200931121E5245D500473566 /* ScanAcceptedBorder.swift */,
				204DD0991E50055900482473 /* Main.storyboard */,
				204DD09C1E50055900482473 /* Assets.xcassets */,
				204DD09E1E50055900482473 /* LaunchScreen.storyboard */,
				204DD0A11E50055900482473 /* Info.plist */,
			);
			path = "QR Scanner";
			sourceTree = "<group>";
		};
/* End PBXGroup section */

/* Begin PBXNativeTarget section */
		204DD0911E50055900482473 /* QR Scanner */ = {
			isa = PBXNativeTarget;
			buildConfigurationList = 204DD0A41E50055900482473 /* Build configuration list for PBXNativeTarget "QR Scanner" */;
			buildPhases = (
				204DD08E1E50055900482473 /* Sources */,
				204DD08F1E50055900482473 /* Frameworks */,
				204DD0901E50055900482473 /* Resources */,
			);
			buildRules = (
			);
			dependencies = (
			);
			name = "QR Scanner";
			productName = "QR Scanner";
			productReference = 204DD0921E50055900482473 /* QR Scanner.app */;
			productType = "com.apple.product-type.application";
		};
/* End PBXNativeTarget section */

/* Begin PBXProject section */
		204DD08A1E50055900482473 /* Project object */ = {
			isa = PBXProject;
			attributes = {
				LastSwiftUpdateCheck = 0830;
				LastUpgradeCheck = 0830;
				ORGANIZATIONNAME = "Eduardo Valencia";
				TargetAttributes = {
					204DD0911E50055900482473 = {
						CreatedOnToolsVersion = 8.3;
						DevelopmentTeam = 7Z3T83KEBB;
						ProvisioningStyle = Automatic;
					};
				};
			};
			buildConfigurationList = 204DD08D1E50055900482473 /* Build configuration list for PBXProject "QR Scanner" */;
			compatibilityVersion = "Xcode 3.2";
			developmentRegion = English;
			hasScannedForEncodings = 0;
			knownRegions = (
				en,
				Base,
			);
			mainGroup = 204DD0891E50055900482473;
			productRefGroup = 204DD0931E50055900482473 /* Products */;
			projectDirPath = "";
			projectRoot = "";
			targets = (
				204DD0911E50055900482473 /* QR Scanner */,
			);
		};
/* End PBXProject section */

/* Begin PBXResourcesBuildPhase section */
		204DD0901E50055900482473 /* Resources */ = {
			isa = PBXResourcesBuildPhase;
			buildActionMask = 2147483647;
			files = (
				204DD0A01E50055900482473 /* LaunchScreen.storyboard in Resources */,
				204DD09D1E50055900482473 /* Assets.xcassets in Resources */,
				204DD09B1E50055900482473 /* Main.storyboard in Resources */,
			);
			runOnlyForDeploymentPostprocessing = 0;
		};
/* End PBXResourcesBuildPhase section */

/* Begin PBXSourcesBuildPhase section */
		204DD08E1E50055900482473 /* Sources */ = {
			isa = PBXSourcesBuildPhase;
			buildActionMask = 2147483647;
			files = (
				203C648B1E521D020008DB2E /* ScanOverlay.swift in Sources */,
				204DD0981E50055900482473 /* ViewController.swift in Sources */,
				203C648D1E521D0E0008DB2E /* ScanBorder.swift in Sources */,
				200931131E5245D500473566 /* ScanAcceptedBorder.swift in Sources */,
				204DD0961E50055900482473 /* AppDelegate.swift in Sources */,
			);
			runOnlyForDeploymentPostprocessing = 0;
		};
/* End PBXSourcesBuildPhase section */

/* Begin PBXVariantGroup section */
		204DD0991E50055900482473 /* Main.storyboard */ = {
			isa = PBXVariantGroup;
			children = (
				204DD09A1E50055900482473 /* Base */,
			);
			name = Main.storyboard;
			sourceTree = "<group>";
		};
		204DD09E1E50055900482473 /* LaunchScreen.storyboard */ = {
			isa = PBXVariantGroup;
			children = (
				204DD09F1E50055900482473 /* Base */,
			);
			name = LaunchScreen.storyboard;
			sourceTree = "<group>";
		};
/* End PBXVariantGroup section */

/* Begin XCBuildConfiguration section */
		204DD0A21E50055900482473 /* Debug */ = {
			isa = XCBuildConfiguration;
			buildSettings = {
				ALWAYS_SEARCH_USER_PATHS = NO;
				CLANG_ANALYZER_NONNULL = YES;
				CLANG_ANALYZER_NUMBER_OBJECT_CONVERSION = YES_AGGRESSIVE;
				CLANG_CXX_LANGUAGE_STANDARD = "gnu++0x";
				CLANG_CXX_LIBRARY = "libc++";
				CLANG_ENABLE_MODULES = YES;
				CLANG_ENABLE_OBJC_ARC = YES;
				CLANG_WARN_BOOL_CONVERSION = YES;
				CLANG_WARN_CONSTANT_CONVERSION = YES;
				CLANG_WARN_DIRECT_OBJC_ISA_USAGE = YES_ERROR;
				CLANG_WARN_DOCUMENTATION_COMMENTS = YES;
				CLANG_WARN_EMPTY_BODY = YES;
				CLANG_WARN_ENUM_CONVERSION = YES;
				CLANG_WARN_INFINITE_RECURSION = YES;
				CLANG_WARN_INT_CONVERSION = YES;
				CLANG_WARN_OBJC_ROOT_CLASS = YES_ERROR;
				CLANG_WARN_SUSPICIOUS_MOVE = YES;
				CLANG_WARN_UNREACHABLE_CODE = YES;
				CLANG_WARN__DUPLICATE_METHOD_MATCH = YES;
				"CODE_SIGN_IDENTITY[sdk=iphoneos*]" = "iPhone Developer";
				COPY_PHASE_STRIP = NO;
				DEBUG_INFORMATION_FORMAT = dwarf;
				ENABLE_STRICT_OBJC_MSGSEND = YES;
				ENABLE_TESTABILITY = YES;
				GCC_C_LANGUAGE_STANDARD = gnu99;
				GCC_DYNAMIC_NO_PIC = NO;
				GCC_NO_COMMON_BLOCKS = YES;
				GCC_OPTIMIZATION_LEVEL = 0;
				GCC_PREPROCESSOR_DEFINITIONS = (
					"DEBUG=1",
					"$(inherited)",
				);
				GCC_WARN_64_TO_32_BIT_CONVERSION = YES;
				GCC_WARN_ABOUT_RETURN_TYPE = YES_ERROR;
				GCC_WARN_UNDECLARED_SELECTOR = YES;
				GCC_WARN_UNINITIALIZED_AUTOS = YES_AGGRESSIVE;
				GCC_WARN_UNUSED_FUNCTION = YES;
				GCC_WARN_UNUSED_VARIABLE = YES;
				IPHONEOS_DEPLOYMENT_TARGET = 10.3;
				MTL_ENABLE_DEBUG_INFO = YES;
				ONLY_ACTIVE_ARCH = YES;
				SDKROOT = iphoneos;
				SWIFT_ACTIVE_COMPILATION_CONDITIONS = DEBUG;
				SWIFT_OPTIMIZATION_LEVEL = "-Onone";
			};
			name = Debug;
		};
		204DD0A31E50055900482473 /* Release */ = {
			isa = XCBuildConfiguration;
			buildSettings = {
				ALWAYS_SEARCH_USER_PATHS = NO;
				CLANG_ANALYZER_NONNULL = YES;
				CLANG_ANALYZER_NUMBER_OBJECT_CONVERSION = YES_AGGRESSIVE;
				CLANG_CXX_LANGUAGE_STANDARD = "gnu++0x";
				CLANG_CXX_LIBRARY = "libc++";
				CLANG_ENABLE_MODULES = YES;
				CLANG_ENABLE_OBJC_ARC = YES;
				CLANG_WARN_BOOL_CONVERSION = YES;
				CLANG_WARN_CONSTANT_CONVERSION = YES;
				CLANG_WARN_DIRECT_OBJC_ISA_USAGE = YES_ERROR;
				CLANG_WARN_DOCUMENTATION_COMMENTS = YES;
				CLANG_WARN_EMPTY_BODY = YES;
				CLANG_WARN_ENUM_CONVERSION = YES;
				CLANG_WARN_INFINITE_RECURSION = YES;
				CLANG_WARN_INT_CONVERSION = YES;
				CLANG_WARN_OBJC_ROOT_CLASS = YES_ERROR;
				CLANG_WARN_SUSPICIOUS_MOVE = YES;
				CLANG_WARN_UNREACHABLE_CODE = YES;
				CLANG_WARN__DUPLICATE_METHOD_MATCH = YES;
				"CODE_SIGN_IDENTITY[sdk=iphoneos*]" = "iPhone Developer";
				COPY_PHASE_STRIP = NO;
				DEBUG_INFORMATION_FORMAT = "dwarf-with-dsym";
				ENABLE_NS_ASSERTIONS = NO;
				ENABLE_STRICT_OBJC_MSGSEND = YES;
				GCC_C_LANGUAGE_STANDARD = gnu99;
				GCC_NO_COMMON_BLOCKS = YES;
				GCC_WARN_64_TO_32_BIT_CONVERSION = YES;
				GCC_WARN_ABOUT_RETURN_TYPE = YES_ERROR;
				GCC_WARN_UNDECLARED_SELECTOR = YES;
				GCC_WARN_UNINITIALIZED_AUTOS = YES_AGGRESSIVE;
				GCC_WARN_UNUSED_FUNCTION = YES;
				GCC_WARN_UNUSED_VARIABLE = YES;
				IPHONEOS_DEPLOYMENT_TARGET = 10.3;
				MTL_ENABLE_DEBUG_INFO = NO;
				SDKROOT = iphoneos;
				SWIFT_OPTIMIZATION_LEVEL = "-Owholemodule";
				VALIDATE_PRODUCT = YES;
			};
			name = Release;
		};
		204DD0A51E50055900482473 /* Debug */ = {
			isa = XCBuildConfiguration;
			buildSettings = {
				ASSETCATALOG_COMPILER_APPICON_NAME = AppIcon;
				DEVELOPMENT_TEAM = 7Z3T83KEBB;
				INFOPLIST_FILE = "QR Scanner/Info.plist";
				IPHONEOS_DEPLOYMENT_TARGET = 10.2;
				LD_RUNPATH_SEARCH_PATHS = "$(inherited) @executable_path/Frameworks";
				PRODUCT_BUNDLE_IDENTIFIER = "lalo.QR-Scanner";
				PRODUCT_NAME = "$(TARGET_NAME)";
				SWIFT_VERSION = 3.0;
				TARGETED_DEVICE_FAMILY = "1,2";
			};
			name = Debug;
		};
		204DD0A61E50055900482473 /* Release */ = {
			isa = XCBuildConfiguration;
			buildSettings = {
				ASSETCATALOG_COMPILER_APPICON_NAME = AppIcon;
				DEVELOPMENT_TEAM = 7Z3T83KEBB;
				INFOPLIST_FILE = "QR Scanner/Info.plist";
				IPHONEOS_DEPLOYMENT_TARGET = 10.2;
				LD_RUNPATH_SEARCH_PATHS = "$(inherited) @executable_path/Frameworks";
				PRODUCT_BUNDLE_IDENTIFIER = "lalo.QR-Scanner";
				PRODUCT_NAME = "$(TARGET_NAME)";
				SWIFT_VERSION = 3.0;
				TARGETED_DEVICE_FAMILY = "1,2";
			};
			name = Release;
		};
/* End XCBuildConfiguration section */

/* Begin XCConfigurationList section */
		204DD08D1E50055900482473 /* Build configuration list for PBXProject "QR Scanner" */ = {
			isa = XCConfigurationList;
			buildConfigurations = (
				204DD0A21E50055900482473 /* Debug */,
				204DD0A31E50055900482473 /* Release */,
			);
			defaultConfigurationIsVisible = 0;
			defaultConfigurationName = Release;
		};
		204DD0A41E50055900482473 /* Build configuration list for PBXNativeTarget "QR Scanner" */ = {
			isa = XCConfigurationList;
			buildConfigurations = (
				204DD0A51E50055900482473 /* Debug */,
				204DD0A61E50055900482473 /* Release */,
			);
			defaultConfigurationIsVisible = 0;
			defaultConfigurationName = Release;
		};
/* End XCConfigurationList section */
	};
	rootObject = 204DD08A1E50055900482473 /* Project object */;
}
